
Microsoft Visual Studio Solution File, Format Version 12.00
# Visual Studio 15
VisualStudioVersion = 15.0.28010.2046
MinimumVisualStudioVersion = 10.0.40219.1
Project("{9A19103F-16F7-4668-BE54-9A1E7A4F7556}") = "Holidays.Web", "Holidays\Holidays.Web.csproj", "{955BB28A-1A8E-45E1-A966-55FC3B2BA709}"
EndProject
Project("{FAE04EC0-301F-11D3-BF4B-00C04F79EFBC}") = "Holidays.Data", "Holidays.Data\Holidays.Data.csproj", "{14F42B3B-6036-4369-94E7-D687D93E87A2}"
EndProject
Project("{FAE04EC0-301F-11D3-BF4B-00C04F79EFBC}") = "Holidays.Models", "Holidays.Models\Holidays.Models.csproj", "{E2355BE8-9AD0-4D8A-988D-E2EE19A58BAA}"
EndProject
Global
	GlobalSection(SolutionConfigurationPlatforms) = preSolution
		Debug|Any CPU = Debug|Any CPU
		Release|Any CPU = Release|Any CPU
	EndGlobalSection
	GlobalSection(ProjectConfigurationPlatforms) = postSolution
		{955BB28A-1A8E-45E1-A966-55FC3B2BA709}.Debug|Any CPU.ActiveCfg = Debug|Any CPU
		{955BB28A-1A8E-45E1-A966-55FC3B2BA709}.Debug|Any CPU.Build.0 = Debug|Any CPU
		{955BB28A-1A8E-45E1-A966-55FC3B2BA709}.Release|Any CPU.ActiveCfg = Release|Any CPU
		{955BB28A-1A8E-45E1-A966-55FC3B2BA709}.Release|Any CPU.Build.0 = Release|Any CPU
		{14F42B3B-6036-4369-94E7-D687D93E87A2}.Debug|Any CPU.ActiveCfg = Debug|Any CPU
		{14F42B3B-6036-4369-94E7-D687D93E87A2}.Debug|Any CPU.Build.0 = Debug|Any CPU
		{14F42B3B-6036-4369-94E7-D687D93E87A2}.Release|Any CPU.ActiveCfg = Release|Any CPU
		{14F42B3B-6036-4369-94E7-D687D93E87A2}.Release|Any CPU.Build.0 = Release|Any CPU
		{E2355BE8-9AD0-4D8A-988D-E2EE19A58BAA}.Debug|Any CPU.ActiveCfg = Debug|Any CPU
		{E2355BE8-9AD0-4D8A-988D-E2EE19A58BAA}.Debug|Any CPU.Build.0 = Debug|Any CPU
		{E2355BE8-9AD0-4D8A-988D-E2EE19A58BAA}.Release|Any CPU.ActiveCfg = Release|Any CPU
		{E2355BE8-9AD0-4D8A-988D-E2EE19A58BAA}.Release|Any CPU.Build.0 = Release|Any CPU
	EndGlobalSection
	GlobalSection(SolutionProperties) = preSolution
		HideSolutionNode = FALSE
	EndGlobalSection
	GlobalSection(ExtensibilityGlobals) = postSolution
		SolutionGuid = {30BA69EC-C996-4B32-A7EA-377AE7365918}
	EndGlobalSection
EndGlobal
